
Microsoft Visual Studio Solution File, Format Version 12.00
# Visual Studio 2013
VisualStudioVersion = 12.0.30324.0
MinimumVisualStudioVersion = 10.0.40219.1
Project("{FAE04EC0-301F-11D3-BF4B-00C04F79EFBC}") = "T4Template", "T4Template\T4Template.csproj", "{6FFA6622-83F1-4E9B-94A6-12547798A89D}"
EndProject
Project("{FAE04EC0-301F-11D3-BF4B-00C04F79EFBC}") = "Log4Net", "Log4Net\Log4Net.csproj", "{915A3A4C-33AD-4BEE-8458-43B8C6F9F30E}"
EndProject
Global
	GlobalSection(SolutionConfigurationPlatforms) = preSolution
		Debug|Any CPU = Debug|Any CPU
		Release|Any CPU = Release|Any CPU
	EndGlobalSection
	GlobalSection(ProjectConfigurationPlatforms) = postSolution
		{6FFA6622-83F1-4E9B-94A6-12547798A89D}.Debug|Any CPU.ActiveCfg = Debug|Any CPU
		{6FFA6622-83F1-4E9B-94A6-12547798A89D}.Debug|Any CPU.Build.0 = Debug|Any CPU
		{6FFA6622-83F1-4E9B-94A6-12547798A89D}.Release|Any CPU.ActiveCfg = Release|Any CPU
		{6FFA6622-83F1-4E9B-94A6-12547798A89D}.Release|Any CPU.Build.0 = Release|Any CPU
		{915A3A4C-33AD-4BEE-8458-43B8C6F9F30E}.Debug|Any CPU.ActiveCfg = Debug|Any CPU
		{915A3A4C-33AD-4BEE-8458-43B8C6F9F30E}.Debug|Any CPU.Build.0 = Debug|Any CPU
		{915A3A4C-33AD-4BEE-8458-43B8C6F9F30E}.Release|Any CPU.ActiveCfg = Release|Any CPU
		{915A3A4C-33AD-4BEE-8458-43B8C6F9F30E}.Release|Any CPU.Build.0 = Release|Any CPU
	EndGlobalSection
	GlobalSection(SolutionProperties) = preSolution
		HideSolutionNode = FALSE
	EndGlobalSection
EndGlobal
